
Microsoft Visual Studio Solution File, Format Version 12.00
# Visual Studio Version 17
VisualStudioVersion = 17.13.35931.197 d17.13
MinimumVisualStudioVersion = 10.0.40219.1
Project("{FAE04EC0-301F-11D3-BF4B-00C04F79EFBC}") = "Matie", "Matie\Matie.csproj", "{685387DB-AA95-49FF-8D9D-55B129596883}"
EndProject
Global
	GlobalSection(SolutionConfigurationPlatforms) = preSolution
		Debug|Any CPU = Debug|Any CPU
		Release|Any CPU = Release|Any CPU
	EndGlobalSection
	GlobalSection(ProjectConfigurationPlatforms) = postSolution
		{685387DB-AA95-49FF-8D9D-55B129596883}.Debug|Any CPU.ActiveCfg = Debug|Any CPU
		{685387DB-AA95-49FF-8D9D-55B129596883}.Debug|Any CPU.Build.0 = Debug|Any CPU
		{685387DB-AA95-49FF-8D9D-55B129596883}.Release|Any CPU.ActiveCfg = Release|Any CPU
		{685387DB-AA95-49FF-8D9D-55B129596883}.Release|Any CPU.Build.0 = Release|Any CPU
	EndGlobalSection
	GlobalSection(SolutionProperties) = preSolution
		HideSolutionNode = FALSE
	EndGlobalSection
	GlobalSection(ExtensibilityGlobals) = postSolution
		SolutionGuid = {0197D3FA-586E-46B5-83FB-5DCBC4D3AD9C}
	EndGlobalSection
EndGlobal
